<?xml version="1.0" encoding="utf-8"?>
<Project ToolsVersion="4.0" xmlns="http://schemas.microsoft.com/developer/msbuild/2003">
  <ItemGroup>
    <Filter Include="Source Files">
      <UniqueIdentifier>{4FC737F1-C7A5-4376-A066-2A32D752A2FF}</UniqueIdentifier>
      <Extensions>cpp;c;cc;cxx;def;odl;idl;hpj;bat;asm;asmx</Extensions>
    </Filter>
    <Filter Include="Header Files">
      <UniqueIdentifier>{93995380-89BD-4b04-88EB-625FBE52EBFB}</UniqueIdentifier>
      <Extensions>h;hh;hpp;hxx;hm;inl;inc;xsd</Extensions>
    </Filter>
    <Filter Include="Header Files\Common">
      <UniqueIdentifier>{1e63be8b-1e2b-4137-a624-0d24c4fda826}</UniqueIdentifier>
    </Filter>
    <Filter Include="Source Files\Common">
      <UniqueIdentifier>{54878bc4-fbbd-4542-9aa3-650121949dd5}</UniqueIdentifier>
    </Filter>
    <Filter Include="LICENSE">
      <UniqueIdentifier>{45b5a263-0893-45e1-9f75-f20a54099ca9}</UniqueIdentifier>
    </Filter>
    <Filter Include="Source Files\Helpers">
      <UniqueIdentifier>{b65e507a-c1df-4c02-b0af-945157b8d4ba}</UniqueIdentifier>
    </Filter>
    <Filter Include="Header Files\Helpers">
      <UniqueIdentifier>{d517a3ed-b9e1-43f2-afde-bf7b858f8e21}</UniqueIdentifier>
    </Filter>
    <Filter Include="Header Files\Scripts">
      <UniqueIdentifier>{a6c2bb6b-2e6d-4036-9b55-2407476c2ebb}</UniqueIdentifier>
    </Filter>
  </ItemGroup>
  <ItemGroup>
    <ClInclude Include="Log.h">
      <Filter>Header Files\Common</Filter>
    </ClInclude>
    <ClInclude Include="Pattern.h">
      <Filter>Header Files\Common</Filter>
    </ClInclude>
    <ClInclude Include="DrawHelper.h">
      <Filter>Header Files\Helpers</Filter>
    </ClInclude>
    <ClInclude Include="WeaponScripts.h">
      <Filter>Header Files\Scripts</Filter>
    </ClInclude>
    <ClInclude Include="RadioScripts.h">
      <Filter>Header Files\Scripts</Filter>
    </ClInclude>
    <ClInclude Include="StatScripts.h">
      <Filter>Header Files\Scripts</Filter>
    </ClInclude>
    <ClInclude Include="KeyHelper.h">
      <Filter>Header Files\Helpers</Filter>
    </ClInclude>
    <ClInclude Include="NetworkHelper.h">
      <Filter>Header Files\Helpers</Filter>
    </ClInclude>
    <ClInclude Include="RAGEHelper.h">
      <Filter>Header Files\Helpers</Filter>
    </ClInclude>
    <ClInclude Include="VehicleHelper.h">
      <Filter>Header Files\Helpers</Filter>
    </ClInclude>
    <ClInclude Include="Types.h">
      <Filter>Header Files\Common</Filter>
    </ClInclude>
    <ClInclude Include="Hashes.h">
      <Filter>Header Files\Common</Filter>
    </ClInclude>
    <ClInclude Include="natives.h">
      <Filter>Header Files\Common</Filter>
    </ClInclude>
    <ClInclude Include="pgCollection.h">
      <Filter>Header Files\Common</Filter>
    </ClInclude>
    <ClInclude Include="script.h">
      <Filter>Header Files\Common</Filter>
    </ClInclude>
    <ClInclude Include="scrThread.h">
      <Filter>Header Files\Common</Filter>
    </ClInclude>
    <ClInclude Include="stdafx.h">
      <Filter>Header Files\Common</Filter>
    </ClInclude>
    <ClInclude Include="VehicleValues.h">
      <Filter>Header Files\Common</Filter>
    </ClInclude>
  </ItemGroup>
  <ItemGroup>
    <ClCompile Include="Log.cpp">
      <Filter>Source Files\Common</Filter>
    </ClCompile>
    <ClCompile Include="DrawHelper.cpp">
      <Filter>Source Files\Helpers</Filter>
    </ClCompile>
    <ClCompile Include="KeyHelper.cpp">
      <Filter>Source Files\Helpers</Filter>
    </ClCompile>
    <ClCompile Include="NetworkHelper.cpp">
      <Filter>Source Files\Helpers</Filter>
    </ClCompile>
    <ClCompile Include="RAGEHelper.cpp">
      <Filter>Source Files\Helpers</Filter>
    </ClCompile>
    <ClCompile Include="VehicleHelper.cpp">
      <Filter>Source Files\Helpers</Filter>
    </ClCompile>
    <ClCompile Include="dllmain.cpp">
      <Filter>Source Files\Common</Filter>
    </ClCompile>
    <ClCompile Include="stdafx.cpp">
      <Filter>Source Files\Common</Filter>
    </ClCompile>
    <ClCompile Include="script.cpp">
      <Filter>Source Files</Filter>
    </ClCompile>
  </ItemGroup>
  <ItemGroup>
    <None Include="citizenmp-LICENSE">
      <Filter>LICENSE</Filter>
    </None>
    <None Include="LICENSE">
      <Filter>LICENSE</Filter>
    </None>
  </ItemGroup>
</Project>